# THIS IS AN AUTOGENERATED FILE. DO NOT EDIT THIS FILE DIRECTLY.
# yarn lockfile v1


"@types/d3-polygon@^1.0.6":
  version "1.0.6"
  resolved "https://registry.yarnpkg.com/@types/d3-polygon/-/d3-polygon-1.0.6.tgz#db25c630a2afb9191fe51ba61dd37baee9dd44c7"
  integrity sha512-E6Kyodn9JThgLq20nxSbEce9ow5/ePgm9PX2EO6W1INIL4DayM7cFaiG10DStuamjYAd0X4rntW2q+GRjiIktw==

"@types/delaunator@^2.0.0":
  version "2.0.0"
  resolved "https://registry.yarnpkg.com/@types/delaunator/-/delaunator-2.0.0.tgz#61bd8374db4a75b010e90da162a7fe17fa83fae2"

"@types/lodash@^4.14.116":
  version "4.14.116"
  resolved "https://registry.yarnpkg.com/@types/lodash/-/lodash-4.14.116.tgz#5ccf215653e3e8c786a58390751033a9adca0eb9"

"@types/mathjs@^4.4.1":
  version "4.4.1"
  resolved "https://registry.yarnpkg.com/@types/mathjs/-/mathjs-4.4.1.tgz#ce876a823848486f3675f8573e93f2d282feba19"
  dependencies:
    decimal.js "^10.0.0"

"agora-graph@git+ssh://git@gite.lirmm.fr:chen/agora-graph.git":
  version "0.0.0"
  resolved "git+ssh://git@gite.lirmm.fr:chen/agora-graph.git#c5dccdc14cf188cff7f6f55451eef86a1843b707"
  dependencies:
    "@types/delaunator" "^2.0.0"
    "@types/lodash" "^4.14.116"
    delaunator "^3.0.2"
    lodash "^4.17.11"

complex.js@2.0.11:
  version "2.0.11"
  resolved "https://registry.yarnpkg.com/complex.js/-/complex.js-2.0.11.tgz#09a873fbf15ffd8c18c9c2201ccef425c32b8bf1"

d3-polygon@^1.0.5:
  version "1.0.5"
  resolved "https://registry.yarnpkg.com/d3-polygon/-/d3-polygon-1.0.5.tgz#9a645a0a64ff6cbf9efda96ee0b4a6909184c363"
  integrity sha512-RHhh1ZUJZfhgoqzWWuRhzQJvO7LavchhitSTHGu9oj6uuLFzYZVeBzaWTQ2qSO6bz2w55RMoOCf0MsLCDB6e0w==

decimal.js@10.0.1, decimal.js@^10.0.0:
  version "10.0.1"
  resolved "https://registry.yarnpkg.com/decimal.js/-/decimal.js-10.0.1.tgz#d04b16b277f0f9af09671cee225c4882e8857c58"

delaunator@^3.0.2:
  version "3.0.2"
  resolved "https://registry.yarnpkg.com/delaunator/-/delaunator-3.0.2.tgz#62d5d9699cd64a736a2bb9c4d957d662452808d0"

escape-latex@1.1.1:
  version "1.1.1"
  resolved "https://registry.yarnpkg.com/escape-latex/-/escape-latex-1.1.1.tgz#657d8632af8849a5db8766778d4a43da9dec3376"

fraction.js@4.0.9:
  version "4.0.9"
  resolved "https://registry.yarnpkg.com/fraction.js/-/fraction.js-4.0.9.tgz#ef7aa1ad47ef600021ad7fa7991dfd56c3b5f7c8"

javascript-natural-sort@0.7.1:
  version "0.7.1"
  resolved "https://registry.yarnpkg.com/javascript-natural-sort/-/javascript-natural-sort-0.7.1.tgz#f9e2303d4507f6d74355a73664d1440fb5a0ef59"

lodash@^4.17.11:
  version "4.17.11"
  resolved "https://registry.yarnpkg.com/lodash/-/lodash-4.17.11.tgz#b39ea6229ef607ecd89e2c8df12536891cac9b8d"

mathjs@^5.1.2:
  version "5.1.2"
  resolved "https://registry.yarnpkg.com/mathjs/-/mathjs-5.1.2.tgz#dab9352d9e50c235a51926666d4aba5936c7b33f"
  dependencies:
    complex.js "2.0.11"
    decimal.js "10.0.1"
    escape-latex "1.1.1"
    fraction.js "4.0.9"
    javascript-natural-sort "0.7.1"
    seed-random "2.2.0"
    tiny-emitter "2.0.2"
    typed-function "1.1.0"

seed-random@2.2.0:
  version "2.2.0"
  resolved "https://registry.yarnpkg.com/seed-random/-/seed-random-2.2.0.tgz#2a9b19e250a817099231a5b99a4daf80b7fbed54"

tiny-emitter@2.0.2:
  version "2.0.2"
  resolved "https://registry.yarnpkg.com/tiny-emitter/-/tiny-emitter-2.0.2.tgz#82d27468aca5ade8e5fd1e6d22b57dd43ebdfb7c"

typed-function@1.1.0:
  version "1.1.0"
  resolved "https://registry.yarnpkg.com/typed-function/-/typed-function-1.1.0.tgz#ea149706e0fb42aca1791c053a6d94ccd6c4fdcb"

typescript@^3.1.1:
  version "3.1.1"
  resolved "https://registry.yarnpkg.com/typescript/-/typescript-3.1.1.tgz#3362ba9dd1e482ebb2355b02dfe8bcd19a2c7c96"
